
Microsoft Visual Studio Solution File, Format Version 12.00
# Visual Studio Version 17
VisualStudioVersion = 17.4.33122.133
MinimumVisualStudioVersion = 10.0.40219.1
Project("{FAE04EC0-301F-11D3-BF4B-00C04F79EFBC}") = "ConsoleAppOrder", "ConsoleAppOrder\ConsoleAppOrder.csproj", "{70D88AEE-4085-4DD0-AC63-5B0BE3719A5A}"
EndProject
Global
	GlobalSection(SolutionConfigurationPlatforms) = preSolution
		Debug|Any CPU = Debug|Any CPU
		Release|Any CPU = Release|Any CPU
	EndGlobalSection
	GlobalSection(ProjectConfigurationPlatforms) = postSolution
		{70D88AEE-4085-4DD0-AC63-5B0BE3719A5A}.Debug|Any CPU.ActiveCfg = Debug|Any CPU
		{70D88AEE-4085-4DD0-AC63-5B0BE3719A5A}.Debug|Any CPU.Build.0 = Debug|Any CPU
		{70D88AEE-4085-4DD0-AC63-5B0BE3719A5A}.Release|Any CPU.ActiveCfg = Release|Any CPU
		{70D88AEE-4085-4DD0-AC63-5B0BE3719A5A}.Release|Any CPU.Build.0 = Release|Any CPU
	EndGlobalSection
	GlobalSection(SolutionProperties) = preSolution
		HideSolutionNode = FALSE
	EndGlobalSection
	GlobalSection(ExtensibilityGlobals) = postSolution
		SolutionGuid = {A2FEE0D1-CE08-456E-A8DE-7176A0631AF7}
	EndGlobalSection
EndGlobal
